
Microsoft Visual Studio Solution File, Format Version 12.00
Project("{FAE04EC0-301F-11D3-BF4B-00C04F79EFBC}") = "TpiDSW.Presentation", "TpiDSW.Presentation\TpiDSW.Presentation.csproj", "{2B0BC06F-AEDD-4EF9-86E3-5CBBB1683820}"
EndProject
Project("{FAE04EC0-301F-11D3-BF4B-00C04F79EFBC}") = "TpiDSW.Domain", "TpiDSW.Domain\TpiDSW.Domain.csproj", "{EFC59BB2-1399-4817-9506-64D925F1E8F6}"
EndProject
Project("{FAE04EC0-301F-11D3-BF4B-00C04F79EFBC}") = "TpiDSW.Data", "TpiDSW.Data\TpiDSW.Data.csproj", "{B4EEE236-DBDB-4E83-8C98-A8485D6314CF}"
EndProject
Global
	GlobalSection(SolutionConfigurationPlatforms) = preSolution
		Debug|Any CPU = Debug|Any CPU
		Release|Any CPU = Release|Any CPU
	EndGlobalSection
	GlobalSection(ProjectConfigurationPlatforms) = postSolution
		{2B0BC06F-AEDD-4EF9-86E3-5CBBB1683820}.Debug|Any CPU.ActiveCfg = Debug|Any CPU
		{2B0BC06F-AEDD-4EF9-86E3-5CBBB1683820}.Debug|Any CPU.Build.0 = Debug|Any CPU
		{2B0BC06F-AEDD-4EF9-86E3-5CBBB1683820}.Release|Any CPU.ActiveCfg = Release|Any CPU
		{2B0BC06F-AEDD-4EF9-86E3-5CBBB1683820}.Release|Any CPU.Build.0 = Release|Any CPU
		{EFC59BB2-1399-4817-9506-64D925F1E8F6}.Debug|Any CPU.ActiveCfg = Debug|Any CPU
		{EFC59BB2-1399-4817-9506-64D925F1E8F6}.Debug|Any CPU.Build.0 = Debug|Any CPU
		{EFC59BB2-1399-4817-9506-64D925F1E8F6}.Release|Any CPU.ActiveCfg = Release|Any CPU
		{EFC59BB2-1399-4817-9506-64D925F1E8F6}.Release|Any CPU.Build.0 = Release|Any CPU
		{B4EEE236-DBDB-4E83-8C98-A8485D6314CF}.Debug|Any CPU.ActiveCfg = Debug|Any CPU
		{B4EEE236-DBDB-4E83-8C98-A8485D6314CF}.Debug|Any CPU.Build.0 = Debug|Any CPU
		{B4EEE236-DBDB-4E83-8C98-A8485D6314CF}.Release|Any CPU.ActiveCfg = Release|Any CPU
		{B4EEE236-DBDB-4E83-8C98-A8485D6314CF}.Release|Any CPU.Build.0 = Release|Any CPU
	EndGlobalSection
EndGlobal
